// !$*UTF8*$!
{
	archiveVersion = 1;
	classes = {
	};
	objectVersion = 56;
	objects = {

/* Begin PBXBuildFile section */
		155FD5EC29D9A5EC0033953C /* AppDelegate.swift in Sources */ = {isa = PBXBuildFile; fileRef = 155FD5EB29D9A5EC0033953C /* AppDelegate.swift */; };
		155FD5EE29D9A5EC0033953C /* SceneDelegate.swift in Sources */ = {isa = PBXBuildFile; fileRef = 155FD5ED29D9A5EC0033953C /* SceneDelegate.swift */; };
		155FD5F329D9A5EC0033953C /* Main.storyboard in Resources */ = {isa = PBXBuildFile; fileRef = 155FD5F129D9A5EC0033953C /* Main.storyboard */; };
		155FD5F529D9A5EE0033953C /* Assets.xcassets in Resources */ = {isa = PBXBuildFile; fileRef = 155FD5F429D9A5EE0033953C /* Assets.xcassets */; };
		155FD5F829D9A5EE0033953C /* LaunchScreen.storyboard in Resources */ = {isa = PBXBuildFile; fileRef = 155FD5F629D9A5EE0033953C /* LaunchScreen.storyboard */; };
		155FD60329D9A6960033953C /* Filter.swift in Sources */ = {isa = PBXBuildFile; fileRef = 155FD60229D9A6960033953C /* Filter.swift */; };
		155FD60529D9A7230033953C /* FiltersViewModel.swift in Sources */ = {isa = PBXBuildFile; fileRef = 155FD60429D9A7230033953C /* FiltersViewModel.swift */; };
		155FD60729D9A76A0033953C /* FiltersCollectionViewCell.swift in Sources */ = {isa = PBXBuildFile; fileRef = 155FD60629D9A76A0033953C /* FiltersCollectionViewCell.swift */; };
		155FD60A29D9A8080033953C /* ImageFilterViewController.swift in Sources */ = {isa = PBXBuildFile; fileRef = 155FD60929D9A8080033953C /* ImageFilterViewController.swift */; };
		156FF81329DB3CB900AE8B6F /* HeaderView.swift in Sources */ = {isa = PBXBuildFile; fileRef = 156FF81229DB3CB900AE8B6F /* HeaderView.swift */; };
		1580B7C929E281500040FAF5 /* FilterCategory.swift in Sources */ = {isa = PBXBuildFile; fileRef = 1580B7C829E281500040FAF5 /* FilterCategory.swift */; };
		1580B7CB29E2818C0040FAF5 /* FilterService.swift in Sources */ = {isa = PBXBuildFile; fileRef = 1580B7CA29E2818C0040FAF5 /* FilterService.swift */; };
		E1BAB1A64ACE7958EF16C02A /* Pods_My_Filter_App.framework in Frameworks */ = {isa = PBXBuildFile; fileRef = 2CC118DCCC0C5A60074F8369 /* Pods_My_Filter_App.framework */; };
/* End PBXBuildFile section */

/* Begin PBXFileReference section */
		155FD5E829D9A5EC0033953C /* My Filter App.app */ = {isa = PBXFileReference; explicitFileType = wrapper.application; includeInIndex = 0; path = "My Filter App.app"; sourceTree = BUILT_PRODUCTS_DIR; };
		155FD5EB29D9A5EC0033953C /* AppDelegate.swift */ = {isa = PBXFileReference; lastKnownFileType = sourcecode.swift; path = AppDelegate.swift; sourceTree = "<group>"; };
		155FD5ED29D9A5EC0033953C /* SceneDelegate.swift */ = {isa = PBXFileReference; lastKnownFileType = sourcecode.swift; path = SceneDelegate.swift; sourceTree = "<group>"; };
		155FD5F229D9A5EC0033953C /* Base */ = {isa = PBXFileReference; lastKnownFileType = file.storyboard; name = Base; path = Base.lproj/Main.storyboard; sourceTree = "<group>"; };
		155FD5F429D9A5EE0033953C /* Assets.xcassets */ = {isa = PBXFileReference; lastKnownFileType = folder.assetcatalog; path = Assets.xcassets; sourceTree = "<group>"; };
		155FD5F729D9A5EE0033953C /* Base */ = {isa = PBXFileReference; lastKnownFileType = file.storyboard; name = Base; path = Base.lproj/LaunchScreen.storyboard; sourceTree = "<group>"; };
		155FD5F929D9A5EE0033953C /* Info.plist */ = {isa = PBXFileReference; lastKnownFileType = text.plist.xml; path = Info.plist; sourceTree = "<group>"; };
		155FD60229D9A6960033953C /* Filter.swift */ = {isa = PBXFileReference; lastKnownFileType = sourcecode.swift; path = Filter.swift; sourceTree = "<group>"; };
		155FD60429D9A7230033953C /* FiltersViewModel.swift */ = {isa = PBXFileReference; lastKnownFileType = sourcecode.swift; path = FiltersViewModel.swift; sourceTree = "<group>"; };
		155FD60629D9A76A0033953C /* FiltersCollectionViewCell.swift */ = {isa = PBXFileReference; lastKnownFileType = sourcecode.swift; path = FiltersCollectionViewCell.swift; sourceTree = "<group>"; };
		155FD60929D9A8080033953C /* ImageFilterViewController.swift */ = {isa = PBXFileReference; lastKnownFileType = sourcecode.swift; path = ImageFilterViewController.swift; sourceTree = "<group>"; };
		156FF81229DB3CB900AE8B6F /* HeaderView.swift */ = {isa = PBXFileReference; lastKnownFileType = sourcecode.swift; path = HeaderView.swift; sourceTree = "<group>"; };
		1580B7C829E281500040FAF5 /* FilterCategory.swift */ = {isa = PBXFileReference; lastKnownFileType = sourcecode.swift; path = FilterCategory.swift; sourceTree = "<group>"; };
		1580B7CA29E2818C0040FAF5 /* FilterService.swift */ = {isa = PBXFileReference; lastKnownFileType = sourcecode.swift; path = FilterService.swift; sourceTree = "<group>"; };
		2CC118DCCC0C5A60074F8369 /* Pods_My_Filter_App.framework */ = {isa = PBXFileReference; explicitFileType = wrapper.framework; includeInIndex = 0; path = Pods_My_Filter_App.framework; sourceTree = BUILT_PRODUCTS_DIR; };
		3069792FAA90A872111F70AC /* Pods-My Filter App.debug.xcconfig */ = {isa = PBXFileReference; includeInIndex = 1; lastKnownFileType = text.xcconfig; name = "Pods-My Filter App.debug.xcconfig"; path = "Target Support Files/Pods-My Filter App/Pods-My Filter App.debug.xcconfig"; sourceTree = "<group>"; };
		B679C3C9664AAE00C99D449E /* Pods-My Filter App.release.xcconfig */ = {isa = PBXFileReference; includeInIndex = 1; lastKnownFileType = text.xcconfig; name = "Pods-My Filter App.release.xcconfig"; path = "Target Support Files/Pods-My Filter App/Pods-My Filter App.release.xcconfig"; sourceTree = "<group>"; };
/* End PBXFileReference section */

/* Begin PBXFrameworksBuildPhase section */
		155FD5E529D9A5EC0033953C /* Frameworks */ = {
			isa = PBXFrameworksBuildPhase;
			buildActionMask = 2147483647;
			files = (
				E1BAB1A64ACE7958EF16C02A /* Pods_My_Filter_App.framework in Frameworks */,
			);
			runOnlyForDeploymentPostprocessing = 0;
		};
/* End PBXFrameworksBuildPhase section */

/* Begin PBXGroup section */
		155FD5DF29D9A5EC0033953C = {
			isa = PBXGroup;
			children = (
				155FD5EA29D9A5EC0033953C /* My Filter App */,
				155FD5E929D9A5EC0033953C /* Products */,
				DF8C99E8E93050792D6A9C22 /* Pods */,
				40E6E73B7E3C307E596BF702 /* Frameworks */,
			);
			sourceTree = "<group>";
		};
		155FD5E929D9A5EC0033953C /* Products */ = {
			isa = PBXGroup;
			children = (
				155FD5E829D9A5EC0033953C /* My Filter App.app */,
			);
			name = Products;
			sourceTree = "<group>";
		};
		155FD5EA29D9A5EC0033953C /* My Filter App */ = {
			isa = PBXGroup;
			children = (
				155FD60829D9A7CC0033953C /* Controlllers */,
				155FD60029D9A6160033953C /* Views */,
				155FD60129D9A6260033953C /* ViewModels */,
				155FD5FF29D9A6060033953C /* Model */,
				155FD5EB29D9A5EC0033953C /* AppDelegate.swift */,
				155FD5ED29D9A5EC0033953C /* SceneDelegate.swift */,
				155FD5F429D9A5EE0033953C /* Assets.xcassets */,
				155FD5F929D9A5EE0033953C /* Info.plist */,
			);
			path = "My Filter App";
			sourceTree = "<group>";
		};
		155FD5FF29D9A6060033953C /* Model */ = {
			isa = PBXGroup;
			children = (
				155FD60229D9A6960033953C /* Filter.swift */,
				1580B7C829E281500040FAF5 /* FilterCategory.swift */,
				1580B7CA29E2818C0040FAF5 /* FilterService.swift */,
			);
			path = Model;
			sourceTree = "<group>";
		};
		155FD60029D9A6160033953C /* Views */ = {
			isa = PBXGroup;
			children = (
				155FD5F129D9A5EC0033953C /* Main.storyboard */,
				155FD5F629D9A5EE0033953C /* LaunchScreen.storyboard */,
				155FD60629D9A76A0033953C /* FiltersCollectionViewCell.swift */,
				156FF81229DB3CB900AE8B6F /* HeaderView.swift */,
			);
			path = Views;
			sourceTree = "<group>";
		};
		155FD60129D9A6260033953C /* ViewModels */ = {
			isa = PBXGroup;
			children = (
				155FD60429D9A7230033953C /* FiltersViewModel.swift */,
			);
			path = ViewModels;
			sourceTree = "<group>";
		};
		155FD60829D9A7CC0033953C /* Controlllers */ = {
			isa = PBXGroup;
			children = (
				155FD60929D9A8080033953C /* ImageFilterViewController.swift */,
			);
			path = Controlllers;
			sourceTree = "<group>";
		};
		40E6E73B7E3C307E596BF702 /* Frameworks */ = {
			isa = PBXGroup;
			children = (
				2CC118DCCC0C5A60074F8369 /* Pods_My_Filter_App.framework */,
			);
			name = Frameworks;
			sourceTree = "<group>";
		};
		DF8C99E8E93050792D6A9C22 /* Pods */ = {
			isa = PBXGroup;
			children = (
				3069792FAA90A872111F70AC /* Pods-My Filter App.debug.xcconfig */,
				B679C3C9664AAE00C99D449E /* Pods-My Filter App.release.xcconfig */,
			);
			path = Pods;
			sourceTree = "<group>";
		};
/* End PBXGroup section */

/* Begin PBXNativeTarget section */
		155FD5E729D9A5EC0033953C /* My Filter App */ = {
			isa = PBXNativeTarget;
			buildConfigurationList = 155FD5FC29D9A5EE0033953C /* Build configuration list for PBXNativeTarget "My Filter App" */;
			buildPhases = (
				ABF3C3BBCDC89D526733DD28 /* [CP] Check Pods Manifest.lock */,
				155FD5E429D9A5EC0033953C /* Sources */,
				155FD5E529D9A5EC0033953C /* Frameworks */,
				155FD5E629D9A5EC0033953C /* Resources */,
				D2E54587E5B1882E9355E918 /* [CP] Embed Pods Frameworks */,
			);
			buildRules = (
			);
			dependencies = (
			);
			name = "My Filter App";
			productName = "My Filter App";
			productReference = 155FD5E829D9A5EC0033953C /* My Filter App.app */;
			productType = "com.apple.product-type.application";
		};
/* End PBXNativeTarget section */

/* Begin PBXProject section */
		155FD5E029D9A5EC0033953C /* Project object */ = {
			isa = PBXProject;
			attributes = {
				BuildIndependentTargetsInParallel = 1;
				LastSwiftUpdateCheck = 1420;
				LastUpgradeCheck = 1420;
				TargetAttributes = {
					155FD5E729D9A5EC0033953C = {
						CreatedOnToolsVersion = 14.2;
					};
				};
			};
			buildConfigurationList = 155FD5E329D9A5EC0033953C /* Build configuration list for PBXProject "My Filter App" */;
			compatibilityVersion = "Xcode 14.0";
			developmentRegion = en;
			hasScannedForEncodings = 0;
			knownRegions = (
				en,
				Base,
			);
			mainGroup = 155FD5DF29D9A5EC0033953C;
			productRefGroup = 155FD5E929D9A5EC0033953C /* Products */;
			projectDirPath = "";
			projectRoot = "";
			targets = (
				155FD5E729D9A5EC0033953C /* My Filter App */,
			);
		};
/* End PBXProject section */

/* Begin PBXResourcesBuildPhase section */
		155FD5E629D9A5EC0033953C /* Resources */ = {
			isa = PBXResourcesBuildPhase;
			buildActionMask = 2147483647;
			files = (
				155FD5F829D9A5EE0033953C /* LaunchScreen.storyboard in Resources */,
				155FD5F529D9A5EE0033953C /* Assets.xcassets in Resources */,
				155FD5F329D9A5EC0033953C /* Main.storyboard in Resources */,
			);
			runOnlyForDeploymentPostprocessing = 0;
		};
/* End PBXResourcesBuildPhase section */

/* Begin PBXShellScriptBuildPhase section */
		ABF3C3BBCDC89D526733DD28 /* [CP] Check Pods Manifest.lock */ = {
			isa = PBXShellScriptBuildPhase;
			buildActionMask = 2147483647;
			files = (
			);
			inputFileListPaths = (
			);
			inputPaths = (
				"${PODS_PODFILE_DIR_PATH}/Podfile.lock",
				"${PODS_ROOT}/Manifest.lock",
			);
			name = "[CP] Check Pods Manifest.lock";
			outputFileListPaths = (
			);
			outputPaths = (
				"$(DERIVED_FILE_DIR)/Pods-My Filter App-checkManifestLockResult.txt",
			);
			runOnlyForDeploymentPostprocessing = 0;
			shellPath = /bin/sh;
			shellScript = "diff \"${PODS_PODFILE_DIR_PATH}/Podfile.lock\" \"${PODS_ROOT}/Manifest.lock\" > /dev/null\nif [ $? != 0 ] ; then\n    # print error to STDERR\n    echo \"error: The sandbox is not in sync with the Podfile.lock. Run 'pod install' or update your CocoaPods installation.\" >&2\n    exit 1\nfi\n# This output is used by Xcode 'outputs' to avoid re-running this script phase.\necho \"SUCCESS\" > \"${SCRIPT_OUTPUT_FILE_0}\"\n";
			showEnvVarsInLog = 0;
		};
		D2E54587E5B1882E9355E918 /* [CP] Embed Pods Frameworks */ = {
			isa = PBXShellScriptBuildPhase;
			buildActionMask = 2147483647;
			files = (
			);
			inputFileListPaths = (
				"${PODS_ROOT}/Target Support Files/Pods-My Filter App/Pods-My Filter App-frameworks-${CONFIGURATION}-input-files.xcfilelist",
			);
			name = "[CP] Embed Pods Frameworks";
			outputFileListPaths = (
				"${PODS_ROOT}/Target Support Files/Pods-My Filter App/Pods-My Filter App-frameworks-${CONFIGURATION}-output-files.xcfilelist",
			);
			runOnlyForDeploymentPostprocessing = 0;
			shellPath = /bin/sh;
			shellScript = "\"${PODS_ROOT}/Target Support Files/Pods-My Filter App/Pods-My Filter App-frameworks.sh\"\n";
			showEnvVarsInLog = 0;
		};
/* End PBXShellScriptBuildPhase section */

/* Begin PBXSourcesBuildPhase section */
		155FD5E429D9A5EC0033953C /* Sources */ = {
			isa = PBXSourcesBuildPhase;
			buildActionMask = 2147483647;
			files = (
				155FD60A29D9A8080033953C /* ImageFilterViewController.swift in Sources */,
				155FD60329D9A6960033953C /* Filter.swift in Sources */,
				155FD60729D9A76A0033953C /* FiltersCollectionViewCell.swift in Sources */,
				1580B7C929E281500040FAF5 /* FilterCategory.swift in Sources */,
				155FD5EC29D9A5EC0033953C /* AppDelegate.swift in Sources */,
				155FD5EE29D9A5EC0033953C /* SceneDelegate.swift in Sources */,
				1580B7CB29E2818C0040FAF5 /* FilterService.swift in Sources */,
				155FD60529D9A7230033953C /* FiltersViewModel.swift in Sources */,
				156FF81329DB3CB900AE8B6F /* HeaderView.swift in Sources */,
			);
			runOnlyForDeploymentPostprocessing = 0;
		};
/* End PBXSourcesBuildPhase section */

/* Begin PBXVariantGroup section */
		155FD5F129D9A5EC0033953C /* Main.storyboard */ = {
			isa = PBXVariantGroup;
			children = (
				155FD5F229D9A5EC0033953C /* Base */,
			);
			name = Main.storyboard;
			sourceTree = "<group>";
		};
		155FD5F629D9A5EE0033953C /* LaunchScreen.storyboard */ = {
			isa = PBXVariantGroup;
			children = (
				155FD5F729D9A5EE0033953C /* Base */,
			);
			name = LaunchScreen.storyboard;
			sourceTree = "<group>";
		};
/* End PBXVariantGroup section */

/* Begin XCBuildConfiguration section */
		155FD5FA29D9A5EE0033953C /* Debug */ = {
			isa = XCBuildConfiguration;
			buildSettings = {
				ALWAYS_SEARCH_USER_PATHS = NO;
				CLANG_ANALYZER_NONNULL = YES;
				CLANG_ANALYZER_NUMBER_OBJECT_CONVERSION = YES_AGGRESSIVE;
				CLANG_CXX_LANGUAGE_STANDARD = "gnu++20";
				CLANG_ENABLE_MODULES = YES;
				CLANG_ENABLE_OBJC_ARC = YES;
				CLANG_ENABLE_OBJC_WEAK = YES;
				CLANG_WARN_BLOCK_CAPTURE_AUTORELEASING = YES;
				CLANG_WARN_BOOL_CONVERSION = YES;
				CLANG_WARN_COMMA = YES;
				CLANG_WARN_CONSTANT_CONVERSION = YES;
				CLANG_WARN_DEPRECATED_OBJC_IMPLEMENTATIONS = YES;
				CLANG_WARN_DIRECT_OBJC_ISA_USAGE = YES_ERROR;
				CLANG_WARN_DOCUMENTATION_COMMENTS = YES;
				CLANG_WARN_EMPTY_BODY = YES;
				CLANG_WARN_ENUM_CONVERSION = YES;
				CLANG_WARN_INFINITE_RECURSION = YES;
				CLANG_WARN_INT_CONVERSION = YES;
				CLANG_WARN_NON_LITERAL_NULL_CONVERSION = YES;
				CLANG_WARN_OBJC_IMPLICIT_RETAIN_SELF = YES;
				CLANG_WARN_OBJC_LITERAL_CONVERSION = YES;
				CLANG_WARN_OBJC_ROOT_CLASS = YES_ERROR;
				CLANG_WARN_QUOTED_INCLUDE_IN_FRAMEWORK_HEADER = YES;
				CLANG_WARN_RANGE_LOOP_ANALYSIS = YES;
				CLANG_WARN_STRICT_PROTOTYPES = YES;
				CLANG_WARN_SUSPICIOUS_MOVE = YES;
				CLANG_WARN_UNGUARDED_AVAILABILITY = YES_AGGRESSIVE;
				CLANG_WARN_UNREACHABLE_CODE = YES;
				CLANG_WARN__DUPLICATE_METHOD_MATCH = YES;
				COPY_PHASE_STRIP = NO;
				DEBUG_INFORMATION_FORMAT = dwarf;
				ENABLE_STRICT_OBJC_MSGSEND = YES;
				ENABLE_TESTABILITY = YES;
				GCC_C_LANGUAGE_STANDARD = gnu11;
				GCC_DYNAMIC_NO_PIC = NO;
				GCC_NO_COMMON_BLOCKS = YES;
				GCC_OPTIMIZATION_LEVEL = 0;
				GCC_PREPROCESSOR_DEFINITIONS = (
					"DEBUG=1",
					"$(inherited)",
				);
				GCC_WARN_64_TO_32_BIT_CONVERSION = YES;
				GCC_WARN_ABOUT_RETURN_TYPE = YES_ERROR;
				GCC_WARN_UNDECLARED_SELECTOR = YES;
				GCC_WARN_UNINITIALIZED_AUTOS = YES_AGGRESSIVE;
				GCC_WARN_UNUSED_FUNCTION = YES;
				GCC_WARN_UNUSED_VARIABLE = YES;
				IPHONEOS_DEPLOYMENT_TARGET = 16.0;
				MTL_ENABLE_DEBUG_INFO = INCLUDE_SOURCE;
				MTL_FAST_MATH = YES;
				ONLY_ACTIVE_ARCH = YES;
				SDKROOT = iphoneos;
				SWIFT_ACTIVE_COMPILATION_CONDITIONS = DEBUG;
				SWIFT_OPTIMIZATION_LEVEL = "-Onone";
			};
			name = Debug;
		};
		155FD5FB29D9A5EE0033953C /* Release */ = {
			isa = XCBuildConfiguration;
			buildSettings = {
				ALWAYS_SEARCH_USER_PATHS = NO;
				CLANG_ANALYZER_NONNULL = YES;
				CLANG_ANALYZER_NUMBER_OBJECT_CONVERSION = YES_AGGRESSIVE;
				CLANG_CXX_LANGUAGE_STANDARD = "gnu++20";
				CLANG_ENABLE_MODULES = YES;
				CLANG_ENABLE_OBJC_ARC = YES;
				CLANG_ENABLE_OBJC_WEAK = YES;
				CLANG_WARN_BLOCK_CAPTURE_AUTORELEASING = YES;
				CLANG_WARN_BOOL_CONVERSION = YES;
				CLANG_WARN_COMMA = YES;
				CLANG_WARN_CONSTANT_CONVERSION = YES;
				CLANG_WARN_DEPRECATED_OBJC_IMPLEMENTATIONS = YES;
				CLANG_WARN_DIRECT_OBJC_ISA_USAGE = YES_ERROR;
				CLANG_WARN_DOCUMENTATION_COMMENTS = YES;
				CLANG_WARN_EMPTY_BODY = YES;
				CLANG_WARN_ENUM_CONVERSION = YES;
				CLANG_WARN_INFINITE_RECURSION = YES;
				CLANG_WARN_INT_CONVERSION = YES;
				CLANG_WARN_NON_LITERAL_NULL_CONVERSION = YES;
				CLANG_WARN_OBJC_IMPLICIT_RETAIN_SELF = YES;
				CLANG_WARN_OBJC_LITERAL_CONVERSION = YES;
				CLANG_WARN_OBJC_ROOT_CLASS = YES_ERROR;
				CLANG_WARN_QUOTED_INCLUDE_IN_FRAMEWORK_HEADER = YES;
				CLANG_WARN_RANGE_LOOP_ANALYSIS = YES;
				CLANG_WARN_STRICT_PROTOTYPES = YES;
				CLANG_WARN_SUSPICIOUS_MOVE = YES;
				CLANG_WARN_UNGUARDED_AVAILABILITY = YES_AGGRESSIVE;
				CLANG_WARN_UNREACHABLE_CODE = YES;
				CLANG_WARN__DUPLICATE_METHOD_MATCH = YES;
				COPY_PHASE_STRIP = NO;
				DEBUG_INFORMATION_FORMAT = "dwarf-with-dsym";
				ENABLE_NS_ASSERTIONS = NO;
				ENABLE_STRICT_OBJC_MSGSEND = YES;
				GCC_C_LANGUAGE_STANDARD = gnu11;
				GCC_NO_COMMON_BLOCKS = YES;
				GCC_WARN_64_TO_32_BIT_CONVERSION = YES;
				GCC_WARN_ABOUT_RETURN_TYPE = YES_ERROR;
				GCC_WARN_UNDECLARED_SELECTOR = YES;
				GCC_WARN_UNINITIALIZED_AUTOS = YES_AGGRESSIVE;
				GCC_WARN_UNUSED_FUNCTION = YES;
				GCC_WARN_UNUSED_VARIABLE = YES;
				IPHONEOS_DEPLOYMENT_TARGET = 16.0;
				MTL_ENABLE_DEBUG_INFO = NO;
				MTL_FAST_MATH = YES;
				SDKROOT = iphoneos;
				SWIFT_COMPILATION_MODE = wholemodule;
				SWIFT_OPTIMIZATION_LEVEL = "-O";
				VALIDATE_PRODUCT = YES;
			};
			name = Release;
		};
		155FD5FD29D9A5EE0033953C /* Debug */ = {
			isa = XCBuildConfiguration;
			baseConfigurationReference = 3069792FAA90A872111F70AC /* Pods-My Filter App.debug.xcconfig */;
			buildSettings = {
				ASSETCATALOG_COMPILER_APPICON_NAME = AppIcon;
				ASSETCATALOG_COMPILER_GLOBAL_ACCENT_COLOR_NAME = AccentColor;
				CODE_SIGN_STYLE = Automatic;
				CURRENT_PROJECT_VERSION = 1;
				DEVELOPMENT_TEAM = FZ5T4V6KM7;
				GENERATE_INFOPLIST_FILE = YES;
				INFOPLIST_FILE = "My Filter App/Info.plist";
				INFOPLIST_KEY_UIApplicationSupportsIndirectInputEvents = YES;
				INFOPLIST_KEY_UILaunchStoryboardName = LaunchScreen;
				INFOPLIST_KEY_UIMainStoryboardFile = Main;
				INFOPLIST_KEY_UISupportedInterfaceOrientations_iPad = "UIInterfaceOrientationPortrait UIInterfaceOrientationPortraitUpsideDown UIInterfaceOrientationLandscapeLeft UIInterfaceOrientationLandscapeRight";
				INFOPLIST_KEY_UISupportedInterfaceOrientations_iPhone = "UIInterfaceOrientationPortrait UIInterfaceOrientationLandscapeLeft UIInterfaceOrientationLandscapeRight";
				LD_RUNPATH_SEARCH_PATHS = (
					"$(inherited)",
					"@executable_path/Frameworks",
				);
				MARKETING_VERSION = 1.0;
				PRODUCT_BUNDLE_IDENTIFIER = "com.arslan.My-Filter-App";
				PRODUCT_NAME = "$(TARGET_NAME)";
				SUPPORTED_PLATFORMS = "iphoneos iphonesimulator";
				SUPPORTS_MACCATALYST = NO;
				SUPPORTS_MAC_DESIGNED_FOR_IPHONE_IPAD = NO;
				SWIFT_EMIT_LOC_STRINGS = YES;
				SWIFT_VERSION = 5.0;
				TARGETED_DEVICE_FAMILY = 1;
			};
			name = Debug;
		};
		155FD5FE29D9A5EE0033953C /* Release */ = {
			isa = XCBuildConfiguration;
			baseConfigurationReference = B679C3C9664AAE00C99D449E /* Pods-My Filter App.release.xcconfig */;
			buildSettings = {
				ASSETCATALOG_COMPILER_APPICON_NAME = AppIcon;
				ASSETCATALOG_COMPILER_GLOBAL_ACCENT_COLOR_NAME = AccentColor;
				CODE_SIGN_STYLE = Automatic;
				CURRENT_PROJECT_VERSION = 1;
				DEVELOPMENT_TEAM = FZ5T4V6KM7;
				GENERATE_INFOPLIST_FILE = YES;
				INFOPLIST_FILE = "My Filter App/Info.plist";
				INFOPLIST_KEY_UIApplicationSupportsIndirectInputEvents = YES;
				INFOPLIST_KEY_UILaunchStoryboardName = LaunchScreen;
				INFOPLIST_KEY_UIMainStoryboardFile = Main;
				INFOPLIST_KEY_UISupportedInterfaceOrientations_iPad = "UIInterfaceOrientationPortrait UIInterfaceOrientationPortraitUpsideDown UIInterfaceOrientationLandscapeLeft UIInterfaceOrientationLandscapeRight";
				INFOPLIST_KEY_UISupportedInterfaceOrientations_iPhone = "UIInterfaceOrientationPortrait UIInterfaceOrientationLandscapeLeft UIInterfaceOrientationLandscapeRight";
				LD_RUNPATH_SEARCH_PATHS = (
					"$(inherited)",
					"@executable_path/Frameworks",
				);
				MARKETING_VERSION = 1.0;
				PRODUCT_BUNDLE_IDENTIFIER = "com.arslan.My-Filter-App";
				PRODUCT_NAME = "$(TARGET_NAME)";
				SUPPORTED_PLATFORMS = "iphoneos iphonesimulator";
				SUPPORTS_MACCATALYST = NO;
				SUPPORTS_MAC_DESIGNED_FOR_IPHONE_IPAD = NO;
				SWIFT_EMIT_LOC_STRINGS = YES;
				SWIFT_VERSION = 5.0;
				TARGETED_DEVICE_FAMILY = 1;
			};
			name = Release;
		};
/* End XCBuildConfiguration section */

/* Begin XCConfigurationList section */
		155FD5E329D9A5EC0033953C /* Build configuration list for PBXProject "My Filter App" */ = {
			isa = XCConfigurationList;
			buildConfigurations = (
				155FD5FA29D9A5EE0033953C /* Debug */,
				155FD5FB29D9A5EE0033953C /* Release */,
			);
			defaultConfigurationIsVisible = 0;
			defaultConfigurationName = Release;
		};
		155FD5FC29D9A5EE0033953C /* Build configuration list for PBXNativeTarget "My Filter App" */ = {
			isa = XCConfigurationList;
			buildConfigurations = (
				155FD5FD29D9A5EE0033953C /* Debug */,
				155FD5FE29D9A5EE0033953C /* Release */,
			);
			defaultConfigurationIsVisible = 0;
			defaultConfigurationName = Release;
		};
/* End XCConfigurationList section */
	};
	rootObject = 155FD5E029D9A5EC0033953C /* Project object */;
}
